
Microsoft Visual Studio Solution File, Format Version 12.00
# Visual Studio Version 17
VisualStudioVersion = 17.3.32825.248
MinimumVisualStudioVersion = 10.0.40219.1
Project("{FAE04EC0-301F-11D3-BF4B-00C04F79EFBC}") = "WindowsFormsApp6", "WindowsFormsApp6\WindowsFormsApp6.csproj", "{31B9BD2B-3819-48F9-8487-204402CA2095}"
EndProject
Global
	GlobalSection(SolutionConfigurationPlatforms) = preSolution
		Debug|Any CPU = Debug|Any CPU
		Release|Any CPU = Release|Any CPU
	EndGlobalSection
	GlobalSection(ProjectConfigurationPlatforms) = postSolution
		{31B9BD2B-3819-48F9-8487-204402CA2095}.Debug|Any CPU.ActiveCfg = Debug|Any CPU
		{31B9BD2B-3819-48F9-8487-204402CA2095}.Debug|Any CPU.Build.0 = Debug|Any CPU
		{31B9BD2B-3819-48F9-8487-204402CA2095}.Release|Any CPU.ActiveCfg = Release|Any CPU
		{31B9BD2B-3819-48F9-8487-204402CA2095}.Release|Any CPU.Build.0 = Release|Any CPU
	EndGlobalSection
	GlobalSection(SolutionProperties) = preSolution
		HideSolutionNode = FALSE
	EndGlobalSection
	GlobalSection(ExtensibilityGlobals) = postSolution
		SolutionGuid = {1080AF1C-7319-4897-AFB7-1DCAA58A8DAA}
	EndGlobalSection
EndGlobal
